
Microsoft Visual Studio Solution File, Format Version 12.00
Project("{FAE04EC0-301F-11D3-BF4B-00C04F79EFBC}") = "DwarfQuest", "DwarfQuest\DwarfQuest.csproj", "{A91D1FA9-DAA3-425C-8270-A14DDC948234}"
EndProject
Project("{FAE04EC0-301F-11D3-BF4B-00C04F79EFBC}") = "DwarfQuest.Data", "DwarfQuest.Data\DwarfQuest.Data.csproj", "{3707100E-01B0-4B5C-BAD0-F947853409A4}"
EndProject
Global
	GlobalSection(SolutionConfigurationPlatforms) = preSolution
		Debug|Any CPU = Debug|Any CPU
		Release|Any CPU = Release|Any CPU
	EndGlobalSection
	GlobalSection(ProjectConfigurationPlatforms) = postSolution
		{A91D1FA9-DAA3-425C-8270-A14DDC948234}.Debug|Any CPU.ActiveCfg = Debug|Any CPU
		{A91D1FA9-DAA3-425C-8270-A14DDC948234}.Debug|Any CPU.Build.0 = Debug|Any CPU
		{A91D1FA9-DAA3-425C-8270-A14DDC948234}.Release|Any CPU.ActiveCfg = Debug|Any CPU
		{A91D1FA9-DAA3-425C-8270-A14DDC948234}.Release|Any CPU.Build.0 = Debug|Any CPU
		{3707100E-01B0-4B5C-BAD0-F947853409A4}.Debug|Any CPU.ActiveCfg = Debug|Any CPU
		{3707100E-01B0-4B5C-BAD0-F947853409A4}.Debug|Any CPU.Build.0 = Debug|Any CPU
		{3707100E-01B0-4B5C-BAD0-F947853409A4}.Release|Any CPU.ActiveCfg = Release|Any CPU
		{3707100E-01B0-4B5C-BAD0-F947853409A4}.Release|Any CPU.Build.0 = Release|Any CPU
	EndGlobalSection
EndGlobal
